// !$*UTF8*$!
{
	archiveVersion = 1;
	classes = {
	};
	objectVersion = 77;
	objects = {

/* Begin PBXContainerItemProxy section */
		A1C17C4C2D804A1200848BD5 /* PBXContainerItemProxy */ = {
			isa = PBXContainerItemProxy;
			containerPortal = A1C17C2D2D804A0F00848BD5 /* Project object */;
			proxyType = 1;
			remoteGlobalIDString = A1C17C342D804A0F00848BD5;
			remoteInfo = DragonBallHeroes;
		};
		A1C17C562D804A1200848BD5 /* PBXContainerItemProxy */ = {
			isa = PBXContainerItemProxy;
			containerPortal = A1C17C2D2D804A0F00848BD5 /* Project object */;
			proxyType = 1;
			remoteGlobalIDString = A1C17C342D804A0F00848BD5;
			remoteInfo = DragonBallHeroes;
		};
/* End PBXContainerItemProxy section */

/* Begin PBXFileReference section */
		A1C17C352D804A0F00848BD5 /* DragonBallHeroes.app */ = {isa = PBXFileReference; explicitFileType = wrapper.application; includeInIndex = 0; path = DragonBallHeroes.app; sourceTree = BUILT_PRODUCTS_DIR; };
		A1C17C4B2D804A1200848BD5 /* DragonBallHeroesTests.xctest */ = {isa = PBXFileReference; explicitFileType = wrapper.cfbundle; includeInIndex = 0; path = DragonBallHeroesTests.xctest; sourceTree = BUILT_PRODUCTS_DIR; };
		A1C17C552D804A1200848BD5 /* DragonBallHeroesUITests.xctest */ = {isa = PBXFileReference; explicitFileType = wrapper.cfbundle; includeInIndex = 0; path = DragonBallHeroesUITests.xctest; sourceTree = BUILT_PRODUCTS_DIR; };
/* End PBXFileReference section */

/* Begin PBXFileSystemSynchronizedBuildFileExceptionSet section */
		A1C17C5D2D804A1200848BD5 /* Exceptions for "DragonBallHeroes" folder in "DragonBallHeroes" target */ = {
			isa = PBXFileSystemSynchronizedBuildFileExceptionSet;
			membershipExceptions = (
				Info.plist,
			);
			target = A1C17C342D804A0F00848BD5 /* DragonBallHeroes */;
		};
/* End PBXFileSystemSynchronizedBuildFileExceptionSet section */

/* Begin PBXFileSystemSynchronizedRootGroup section */
		A1C17C372D804A0F00848BD5 /* DragonBallHeroes */ = {
			isa = PBXFileSystemSynchronizedRootGroup;
			exceptions = (
				A1C17C5D2D804A1200848BD5 /* Exceptions for "DragonBallHeroes" folder in "DragonBallHeroes" target */,
			);
			path = DragonBallHeroes;
			sourceTree = "<group>";
		};
		A1C17C4E2D804A1200848BD5 /* DragonBallHeroesTests */ = {
			isa = PBXFileSystemSynchronizedRootGroup;
			path = DragonBallHeroesTests;
			sourceTree = "<group>";
		};
		A1C17C582D804A1200848BD5 /* DragonBallHeroesUITests */ = {
			isa = PBXFileSystemSynchronizedRootGroup;
			path = DragonBallHeroesUITests;
			sourceTree = "<group>";
		};
/* End PBXFileSystemSynchronizedRootGroup section */

/* Begin PBXFrameworksBuildPhase section */
		A1C17C322D804A0F00848BD5 /* Frameworks */ = {
			isa = PBXFrameworksBuildPhase;
			buildActionMask = 2147483647;
			files = (
			);
			runOnlyForDeploymentPostprocessing = 0;
		};
		A1C17C482D804A1200848BD5 /* Frameworks */ = {
			isa = PBXFrameworksBuildPhase;
			buildActionMask = 2147483647;
			files = (
			);
			runOnlyForDeploymentPostprocessing = 0;
		};
		A1C17C522D804A1200848BD5 /* Frameworks */ = {
			isa = PBXFrameworksBuildPhase;
			buildActionMask = 2147483647;
			files = (
			);
			runOnlyForDeploymentPostprocessing = 0;
		};
/* End PBXFrameworksBuildPhase section */

/* Begin PBXGroup section */
		A1C17C2C2D804A0F00848BD5 = {
			isa = PBXGroup;
			children = (
				A1C17C372D804A0F00848BD5 /* DragonBallHeroes */,
				A1C17C4E2D804A1200848BD5 /* DragonBallHeroesTests */,
				A1C17C582D804A1200848BD5 /* DragonBallHeroesUITests */,
				A1C17C362D804A0F00848BD5 /* Products */,
			);
			sourceTree = "<group>";
		};
		A1C17C362D804A0F00848BD5 /* Products */ = {
			isa = PBXGroup;
			children = (
				A1C17C352D804A0F00848BD5 /* DragonBallHeroes.app */,
				A1C17C4B2D804A1200848BD5 /* DragonBallHeroesTests.xctest */,
				A1C17C552D804A1200848BD5 /* DragonBallHeroesUITests.xctest */,
			);
			name = Products;
			sourceTree = "<group>";
		};
/* End PBXGroup section */

/* Begin PBXNativeTarget section */
		A1C17C342D804A0F00848BD5 /* DragonBallHeroes */ = {
			isa = PBXNativeTarget;
			buildConfigurationList = A1C17C5E2D804A1200848BD5 /* Build configuration list for PBXNativeTarget "DragonBallHeroes" */;
			buildPhases = (
				A1C17C312D804A0F00848BD5 /* Sources */,
				A1C17C322D804A0F00848BD5 /* Frameworks */,
				A1C17C332D804A0F00848BD5 /* Resources */,
			);
			buildRules = (
			);
			dependencies = (
			);
			fileSystemSynchronizedGroups = (
				A1C17C372D804A0F00848BD5 /* DragonBallHeroes */,
			);
			name = DragonBallHeroes;
			packageProductDependencies = (
			);
			productName = DragonBallHeroes;
			productReference = A1C17C352D804A0F00848BD5 /* DragonBallHeroes.app */;
			productType = "com.apple.product-type.application";
		};
		A1C17C4A2D804A1200848BD5 /* DragonBallHeroesTests */ = {
			isa = PBXNativeTarget;
			buildConfigurationList = A1C17C632D804A1200848BD5 /* Build configuration list for PBXNativeTarget "DragonBallHeroesTests" */;
			buildPhases = (
				A1C17C472D804A1200848BD5 /* Sources */,
				A1C17C482D804A1200848BD5 /* Frameworks */,
				A1C17C492D804A1200848BD5 /* Resources */,
			);
			buildRules = (
			);
			dependencies = (
				A1C17C4D2D804A1200848BD5 /* PBXTargetDependency */,
			);
			fileSystemSynchronizedGroups = (
				A1C17C4E2D804A1200848BD5 /* DragonBallHeroesTests */,
			);
			name = DragonBallHeroesTests;
			packageProductDependencies = (
			);
			productName = DragonBallHeroesTests;
			productReference = A1C17C4B2D804A1200848BD5 /* DragonBallHeroesTests.xctest */;
			productType = "com.apple.product-type.bundle.unit-test";
		};
		A1C17C542D804A1200848BD5 /* DragonBallHeroesUITests */ = {
			isa = PBXNativeTarget;
			buildConfigurationList = A1C17C662D804A1200848BD5 /* Build configuration list for PBXNativeTarget "DragonBallHeroesUITests" */;
			buildPhases = (
				A1C17C512D804A1200848BD5 /* Sources */,
				A1C17C522D804A1200848BD5 /* Frameworks */,
				A1C17C532D804A1200848BD5 /* Resources */,
			);
			buildRules = (
			);
			dependencies = (
				A1C17C572D804A1200848BD5 /* PBXTargetDependency */,
			);
			fileSystemSynchronizedGroups = (
				A1C17C582D804A1200848BD5 /* DragonBallHeroesUITests */,
			);
			name = DragonBallHeroesUITests;
			packageProductDependencies = (
			);
			productName = DragonBallHeroesUITests;
			productReference = A1C17C552D804A1200848BD5 /* DragonBallHeroesUITests.xctest */;
			productType = "com.apple.product-type.bundle.ui-testing";
		};
/* End PBXNativeTarget section */

/* Begin PBXProject section */
		A1C17C2D2D804A0F00848BD5 /* Project object */ = {
			isa = PBXProject;
			attributes = {
				BuildIndependentTargetsInParallel = 1;
				LastSwiftUpdateCheck = 1620;
				LastUpgradeCheck = 1620;
				TargetAttributes = {
					A1C17C342D804A0F00848BD5 = {
						CreatedOnToolsVersion = 16.2;
					};
					A1C17C4A2D804A1200848BD5 = {
						CreatedOnToolsVersion = 16.2;
						TestTargetID = A1C17C342D804A0F00848BD5;
					};
					A1C17C542D804A1200848BD5 = {
						CreatedOnToolsVersion = 16.2;
						TestTargetID = A1C17C342D804A0F00848BD5;
					};
				};
			};
			buildConfigurationList = A1C17C302D804A0F00848BD5 /* Build configuration list for PBXProject "DragonBallHeroes" */;
			developmentRegion = en;
			hasScannedForEncodings = 0;
			knownRegions = (
				en,
				Base,
			);
			mainGroup = A1C17C2C2D804A0F00848BD5;
			minimizedProjectReferenceProxies = 1;
			preferredProjectObjectVersion = 77;
			productRefGroup = A1C17C362D804A0F00848BD5 /* Products */;
			projectDirPath = "";
			projectRoot = "";
			targets = (
				A1C17C342D804A0F00848BD5 /* DragonBallHeroes */,
				A1C17C4A2D804A1200848BD5 /* DragonBallHeroesTests */,
				A1C17C542D804A1200848BD5 /* DragonBallHeroesUITests */,
			);
		};
/* End PBXProject section */

/* Begin PBXResourcesBuildPhase section */
		A1C17C332D804A0F00848BD5 /* Resources */ = {
			isa = PBXResourcesBuildPhase;
			buildActionMask = 2147483647;
			files = (
			);
			runOnlyForDeploymentPostprocessing = 0;
		};
		A1C17C492D804A1200848BD5 /* Resources */ = {
			isa = PBXResourcesBuildPhase;
			buildActionMask = 2147483647;
			files = (
			);
			runOnlyForDeploymentPostprocessing = 0;
		};
		A1C17C532D804A1200848BD5 /* Resources */ = {
			isa = PBXResourcesBuildPhase;
			buildActionMask = 2147483647;
			files = (
			);
			runOnlyForDeploymentPostprocessing = 0;
		};
/* End PBXResourcesBuildPhase section */

/* Begin PBXSourcesBuildPhase section */
		A1C17C312D804A0F00848BD5 /* Sources */ = {
			isa = PBXSourcesBuildPhase;
			buildActionMask = 2147483647;
			files = (
			);
			runOnlyForDeploymentPostprocessing = 0;
		};
		A1C17C472D804A1200848BD5 /* Sources */ = {
			isa = PBXSourcesBuildPhase;
			buildActionMask = 2147483647;
			files = (
			);
			runOnlyForDeploymentPostprocessing = 0;
		};
		A1C17C512D804A1200848BD5 /* Sources */ = {
			isa = PBXSourcesBuildPhase;
			buildActionMask = 2147483647;
			files = (
			);
			runOnlyForDeploymentPostprocessing = 0;
		};
/* End PBXSourcesBuildPhase section */

/* Begin PBXTargetDependency section */
		A1C17C4D2D804A1200848BD5 /* PBXTargetDependency */ = {
			isa = PBXTargetDependency;
			target = A1C17C342D804A0F00848BD5 /* DragonBallHeroes */;
			targetProxy = A1C17C4C2D804A1200848BD5 /* PBXContainerItemProxy */;
		};
		A1C17C572D804A1200848BD5 /* PBXTargetDependency */ = {
			isa = PBXTargetDependency;
			target = A1C17C342D804A0F00848BD5 /* DragonBallHeroes */;
			targetProxy = A1C17C562D804A1200848BD5 /* PBXContainerItemProxy */;
		};
/* End PBXTargetDependency section */

/* Begin XCBuildConfiguration section */
		A1C17C5F2D804A1200848BD5 /* Debug */ = {
			isa = XCBuildConfiguration;
			buildSettings = {
				ASSETCATALOG_COMPILER_APPICON_NAME = AppIcon;
				ASSETCATALOG_COMPILER_GLOBAL_ACCENT_COLOR_NAME = AccentColor;
				CODE_SIGN_STYLE = Automatic;
				CURRENT_PROJECT_VERSION = 1;
				DEVELOPMENT_TEAM = DRKH5MTLPD;
				GENERATE_INFOPLIST_FILE = YES;
				INFOPLIST_FILE = DragonBallHeroes/Info.plist;
				INFOPLIST_KEY_UIApplicationSupportsIndirectInputEvents = YES;
				INFOPLIST_KEY_UILaunchStoryboardName = LaunchScreen;
				INFOPLIST_KEY_UISupportedInterfaceOrientations_iPad = "UIInterfaceOrientationPortrait UIInterfaceOrientationPortraitUpsideDown UIInterfaceOrientationLandscapeLeft UIInterfaceOrientationLandscapeRight";
				INFOPLIST_KEY_UISupportedInterfaceOrientations_iPhone = "UIInterfaceOrientationPortrait UIInterfaceOrientationLandscapeLeft UIInterfaceOrientationLandscapeRight";
				LD_RUNPATH_SEARCH_PATHS = (
					"$(inherited)",
					"@executable_path/Frameworks",
				);
				MARKETING_VERSION = 1.0;
				PRODUCT_BUNDLE_IDENTIFIER = com.anaganfornina.DragonBallHeroes;
				PRODUCT_NAME = "$(TARGET_NAME)";
				SWIFT_EMIT_LOC_STRINGS = YES;
				SWIFT_VERSION = 5.0;
				TARGETED_DEVICE_FAMILY = "1,2";
			};
			name = Debug;
		};
		A1C17C602D804A1200848BD5 /* Release */ = {
			isa = XCBuildConfiguration;
			buildSettings = {
				ASSETCATALOG_COMPILER_APPICON_NAME = AppIcon;
				ASSETCATALOG_COMPILER_GLOBAL_ACCENT_COLOR_NAME = AccentColor;
				CODE_SIGN_STYLE = Automatic;
				CURRENT_PROJECT_VERSION = 1;
				DEVELOPMENT_TEAM = DRKH5MTLPD;
				GENERATE_INFOPLIST_FILE = YES;
				INFOPLIST_FILE = DragonBallHeroes/Info.plist;
				INFOPLIST_KEY_UIApplicationSupportsIndirectInputEvents = YES;
				INFOPLIST_KEY_UILaunchStoryboardName = LaunchScreen;
				INFOPLIST_KEY_UISupportedInterfaceOrientations_iPad = "UIInterfaceOrientationPortrait UIInterfaceOrientationPortraitUpsideDown UIInterfaceOrientationLandscapeLeft UIInterfaceOrientationLandscapeRight";
				INFOPLIST_KEY_UISupportedInterfaceOrientations_iPhone = "UIInterfaceOrientationPortrait UIInterfaceOrientationLandscapeLeft UIInterfaceOrientationLandscapeRight";
				LD_RUNPATH_SEARCH_PATHS = (
					"$(inherited)",
					"@executable_path/Frameworks",
				);
				MARKETING_VERSION = 1.0;
				PRODUCT_BUNDLE_IDENTIFIER = com.anaganfornina.DragonBallHeroes;
				PRODUCT_NAME = "$(TARGET_NAME)";
				SWIFT_EMIT_LOC_STRINGS = YES;
				SWIFT_VERSION = 5.0;
				TARGETED_DEVICE_FAMILY = "1,2";
			};
			name = Release;
		};
		A1C17C612D804A1200848BD5 /* Debug */ = {
			isa = XCBuildConfiguration;
			buildSettings = {
				ALWAYS_SEARCH_USER_PATHS = NO;
				ASSETCATALOG_COMPILER_GENERATE_SWIFT_ASSET_SYMBOL_EXTENSIONS = YES;
				CLANG_ANALYZER_NONNULL = YES;
				CLANG_ANALYZER_NUMBER_OBJECT_CONVERSION = YES_AGGRESSIVE;
				CLANG_CXX_LANGUAGE_STANDARD = "gnu++20";
				CLANG_ENABLE_MODULES = YES;
				CLANG_ENABLE_OBJC_ARC = YES;
				CLANG_ENABLE_OBJC_WEAK = YES;
				CLANG_WARN_BLOCK_CAPTURE_AUTORELEASING = YES;
				CLANG_WARN_BOOL_CONVERSION = YES;
				CLANG_WARN_COMMA = YES;
				CLANG_WARN_CONSTANT_CONVERSION = YES;
				CLANG_WARN_DEPRECATED_OBJC_IMPLEMENTATIONS = YES;
				CLANG_WARN_DIRECT_OBJC_ISA_USAGE = YES_ERROR;
				CLANG_WARN_DOCUMENTATION_COMMENTS = YES;
				CLANG_WARN_EMPTY_BODY = YES;
				CLANG_WARN_ENUM_CONVERSION = YES;
				CLANG_WARN_INFINITE_RECURSION = YES;
				CLANG_WARN_INT_CONVERSION = YES;
				CLANG_WARN_NON_LITERAL_NULL_CONVERSION = YES;
				CLANG_WARN_OBJC_IMPLICIT_RETAIN_SELF = YES;
				CLANG_WARN_OBJC_LITERAL_CONVERSION = YES;
				CLANG_WARN_OBJC_ROOT_CLASS = YES_ERROR;
				CLANG_WARN_QUOTED_INCLUDE_IN_FRAMEWORK_HEADER = YES;
				CLANG_WARN_RANGE_LOOP_ANALYSIS = YES;
				CLANG_WARN_STRICT_PROTOTYPES = YES;
				CLANG_WARN_SUSPICIOUS_MOVE = YES;
				CLANG_WARN_UNGUARDED_AVAILABILITY = YES_AGGRESSIVE;
				CLANG_WARN_UNREACHABLE_CODE = YES;
				CLANG_WARN__DUPLICATE_METHOD_MATCH = YES;
				COPY_PHASE_STRIP = NO;
				DEBUG_INFORMATION_FORMAT = dwarf;
				ENABLE_STRICT_OBJC_MSGSEND = YES;
				ENABLE_TESTABILITY = YES;
				ENABLE_USER_SCRIPT_SANDBOXING = YES;
				GCC_C_LANGUAGE_STANDARD = gnu17;
				GCC_DYNAMIC_NO_PIC = NO;
				GCC_NO_COMMON_BLOCKS = YES;
				GCC_OPTIMIZATION_LEVEL = 0;
				GCC_PREPROCESSOR_DEFINITIONS = (
					"DEBUG=1",
					"$(inherited)",
				);
				GCC_WARN_64_TO_32_BIT_CONVERSION = YES;
				GCC_WARN_ABOUT_RETURN_TYPE = YES_ERROR;
				GCC_WARN_UNDECLARED_SELECTOR = YES;
				GCC_WARN_UNINITIALIZED_AUTOS = YES_AGGRESSIVE;
				GCC_WARN_UNUSED_FUNCTION = YES;
				GCC_WARN_UNUSED_VARIABLE = YES;
				IPHONEOS_DEPLOYMENT_TARGET = 18.2;
				LOCALIZATION_PREFERS_STRING_CATALOGS = YES;
				MTL_ENABLE_DEBUG_INFO = INCLUDE_SOURCE;
				MTL_FAST_MATH = YES;
				ONLY_ACTIVE_ARCH = YES;
				SDKROOT = iphoneos;
				SWIFT_ACTIVE_COMPILATION_CONDITIONS = "DEBUG $(inherited)";
				SWIFT_OPTIMIZATION_LEVEL = "-Onone";
			};
			name = Debug;
		};
		A1C17C622D804A1200848BD5 /* Release */ = {
			isa = XCBuildConfiguration;
			buildSettings = {
				ALWAYS_SEARCH_USER_PATHS = NO;
				ASSETCATALOG_COMPILER_GENERATE_SWIFT_ASSET_SYMBOL_EXTENSIONS = YES;
				CLANG_ANALYZER_NONNULL = YES;
				CLANG_ANALYZER_NUMBER_OBJECT_CONVERSION = YES_AGGRESSIVE;
				CLANG_CXX_LANGUAGE_STANDARD = "gnu++20";
				CLANG_ENABLE_MODULES = YES;
				CLANG_ENABLE_OBJC_ARC = YES;
				CLANG_ENABLE_OBJC_WEAK = YES;
				CLANG_WARN_BLOCK_CAPTURE_AUTORELEASING = YES;
				CLANG_WARN_BOOL_CONVERSION = YES;
				CLANG_WARN_COMMA = YES;
				CLANG_WARN_CONSTANT_CONVERSION = YES;
				CLANG_WARN_DEPRECATED_OBJC_IMPLEMENTATIONS = YES;
				CLANG_WARN_DIRECT_OBJC_ISA_USAGE = YES_ERROR;
				CLANG_WARN_DOCUMENTATION_COMMENTS = YES;
				CLANG_WARN_EMPTY_BODY = YES;
				CLANG_WARN_ENUM_CONVERSION = YES;
				CLANG_WARN_INFINITE_RECURSION = YES;
				CLANG_WARN_INT_CONVERSION = YES;
				CLANG_WARN_NON_LITERAL_NULL_CONVERSION = YES;
				CLANG_WARN_OBJC_IMPLICIT_RETAIN_SELF = YES;
				CLANG_WARN_OBJC_LITERAL_CONVERSION = YES;
				CLANG_WARN_OBJC_ROOT_CLASS = YES_ERROR;
				CLANG_WARN_QUOTED_INCLUDE_IN_FRAMEWORK_HEADER = YES;
				CLANG_WARN_RANGE_LOOP_ANALYSIS = YES;
				CLANG_WARN_STRICT_PROTOTYPES = YES;
				CLANG_WARN_SUSPICIOUS_MOVE = YES;
				CLANG_WARN_UNGUARDED_AVAILABILITY = YES_AGGRESSIVE;
				CLANG_WARN_UNREACHABLE_CODE = YES;
				CLANG_WARN__DUPLICATE_METHOD_MATCH = YES;
				COPY_PHASE_STRIP = NO;
				DEBUG_INFORMATION_FORMAT = "dwarf-with-dsym";
				ENABLE_NS_ASSERTIONS = NO;
				ENABLE_STRICT_OBJC_MSGSEND = YES;
				ENABLE_USER_SCRIPT_SANDBOXING = YES;
				GCC_C_LANGUAGE_STANDARD = gnu17;
				GCC_NO_COMMON_BLOCKS = YES;
				GCC_WARN_64_TO_32_BIT_CONVERSION = YES;
				GCC_WARN_ABOUT_RETURN_TYPE = YES_ERROR;
				GCC_WARN_UNDECLARED_SELECTOR = YES;
				GCC_WARN_UNINITIALIZED_AUTOS = YES_AGGRESSIVE;
				GCC_WARN_UNUSED_FUNCTION = YES;
				GCC_WARN_UNUSED_VARIABLE = YES;
				IPHONEOS_DEPLOYMENT_TARGET = 18.2;
				LOCALIZATION_PREFERS_STRING_CATALOGS = YES;
				MTL_ENABLE_DEBUG_INFO = NO;
				MTL_FAST_MATH = YES;
				SDKROOT = iphoneos;
				SWIFT_COMPILATION_MODE = wholemodule;
				VALIDATE_PRODUCT = YES;
			};
			name = Release;
		};
		A1C17C642D804A1200848BD5 /* Debug */ = {
			isa = XCBuildConfiguration;
			buildSettings = {
				BUNDLE_LOADER = "$(TEST_HOST)";
				CODE_SIGN_STYLE = Automatic;
				CURRENT_PROJECT_VERSION = 1;
				DEVELOPMENT_TEAM = DRKH5MTLPD;
				GENERATE_INFOPLIST_FILE = YES;
				IPHONEOS_DEPLOYMENT_TARGET = 18.2;
				MARKETING_VERSION = 1.0;
				PRODUCT_BUNDLE_IDENTIFIER = com.anaganfornina.DragonBallHeroesTests;
				PRODUCT_NAME = "$(TARGET_NAME)";
				SWIFT_EMIT_LOC_STRINGS = NO;
				SWIFT_VERSION = 5.0;
				TARGETED_DEVICE_FAMILY = "1,2";
				TEST_HOST = "$(BUILT_PRODUCTS_DIR)/DragonBallHeroes.app/$(BUNDLE_EXECUTABLE_FOLDER_PATH)/DragonBallHeroes";
			};
			name = Debug;
		};
		A1C17C652D804A1200848BD5 /* Release */ = {
			isa = XCBuildConfiguration;
			buildSettings = {
				BUNDLE_LOADER = "$(TEST_HOST)";
				CODE_SIGN_STYLE = Automatic;
				CURRENT_PROJECT_VERSION = 1;
				DEVELOPMENT_TEAM = DRKH5MTLPD;
				GENERATE_INFOPLIST_FILE = YES;
				IPHONEOS_DEPLOYMENT_TARGET = 18.2;
				MARKETING_VERSION = 1.0;
				PRODUCT_BUNDLE_IDENTIFIER = com.anaganfornina.DragonBallHeroesTests;
				PRODUCT_NAME = "$(TARGET_NAME)";
				SWIFT_EMIT_LOC_STRINGS = NO;
				SWIFT_VERSION = 5.0;
				TARGETED_DEVICE_FAMILY = "1,2";
				TEST_HOST = "$(BUILT_PRODUCTS_DIR)/DragonBallHeroes.app/$(BUNDLE_EXECUTABLE_FOLDER_PATH)/DragonBallHeroes";
			};
			name = Release;
		};
		A1C17C672D804A1200848BD5 /* Debug */ = {
			isa = XCBuildConfiguration;
			buildSettings = {
				CODE_SIGN_STYLE = Automatic;
				CURRENT_PROJECT_VERSION = 1;
				DEVELOPMENT_TEAM = DRKH5MTLPD;
				GENERATE_INFOPLIST_FILE = YES;
				MARKETING_VERSION = 1.0;
				PRODUCT_BUNDLE_IDENTIFIER = com.anaganfornina.DragonBallHeroesUITests;
				PRODUCT_NAME = "$(TARGET_NAME)";
				SWIFT_EMIT_LOC_STRINGS = NO;
				SWIFT_VERSION = 5.0;
				TARGETED_DEVICE_FAMILY = "1,2";
				TEST_TARGET_NAME = DragonBallHeroes;
			};
			name = Debug;
		};
		A1C17C682D804A1200848BD5 /* Release */ = {
			isa = XCBuildConfiguration;
			buildSettings = {
				CODE_SIGN_STYLE = Automatic;
				CURRENT_PROJECT_VERSION = 1;
				DEVELOPMENT_TEAM = DRKH5MTLPD;
				GENERATE_INFOPLIST_FILE = YES;
				MARKETING_VERSION = 1.0;
				PRODUCT_BUNDLE_IDENTIFIER = com.anaganfornina.DragonBallHeroesUITests;
				PRODUCT_NAME = "$(TARGET_NAME)";
				SWIFT_EMIT_LOC_STRINGS = NO;
				SWIFT_VERSION = 5.0;
				TARGETED_DEVICE_FAMILY = "1,2";
				TEST_TARGET_NAME = DragonBallHeroes;
			};
			name = Release;
		};
/* End XCBuildConfiguration section */

/* Begin XCConfigurationList section */
		A1C17C302D804A0F00848BD5 /* Build configuration list for PBXProject "DragonBallHeroes" */ = {
			isa = XCConfigurationList;
			buildConfigurations = (
				A1C17C612D804A1200848BD5 /* Debug */,
				A1C17C622D804A1200848BD5 /* Release */,
			);
			defaultConfigurationIsVisible = 0;
			defaultConfigurationName = Release;
		};
		A1C17C5E2D804A1200848BD5 /* Build configuration list for PBXNativeTarget "DragonBallHeroes" */ = {
			isa = XCConfigurationList;
			buildConfigurations = (
				A1C17C5F2D804A1200848BD5 /* Debug */,
				A1C17C602D804A1200848BD5 /* Release */,
			);
			defaultConfigurationIsVisible = 0;
			defaultConfigurationName = Release;
		};
		A1C17C632D804A1200848BD5 /* Build configuration list for PBXNativeTarget "DragonBallHeroesTests" */ = {
			isa = XCConfigurationList;
			buildConfigurations = (
				A1C17C642D804A1200848BD5 /* Debug */,
				A1C17C652D804A1200848BD5 /* Release */,
			);
			defaultConfigurationIsVisible = 0;
			defaultConfigurationName = Release;
		};
		A1C17C662D804A1200848BD5 /* Build configuration list for PBXNativeTarget "DragonBallHeroesUITests" */ = {
			isa = XCConfigurationList;
			buildConfigurations = (
				A1C17C672D804A1200848BD5 /* Debug */,
				A1C17C682D804A1200848BD5 /* Release */,
			);
			defaultConfigurationIsVisible = 0;
			defaultConfigurationName = Release;
		};
/* End XCConfigurationList section */
	};
	rootObject = A1C17C2D2D804A0F00848BD5 /* Project object */;
}
